# THIS IS AN AUTOGENERATED FILE. DO NOT EDIT THIS FILE DIRECTLY.
# yarn lockfile v1


bootstrap@^4.0.0-beta.2:
  version "4.0.0-beta.2"
  resolved "https://registry.yarnpkg.com/bootstrap/-/bootstrap-4.0.0-beta.2.tgz#4d67d2aa2219f062cd90bc1247e6747b9e8fd051"

jquery@>=1.7.0, jquery@^3.2.1:
  version "3.2.1"
  resolved "https://registry.yarnpkg.com/jquery/-/jquery-3.2.1.tgz#5c4d9de652af6cd0a770154a631bba12b015c787"

lg-fullscreen@^1.0.1:
  version "1.0.1"
  resolved "https://registry.yarnpkg.com/lg-fullscreen/-/lg-fullscreen-1.0.1.tgz#6207ca819d91e1b6fa6b6d37705e269bc01d2f53"
  dependencies:
    jquery ">=1.7.0"

lg-thumbnail@^1.1.0:
  version "1.1.0"
  resolved "https://registry.yarnpkg.com/lg-thumbnail/-/lg-thumbnail-1.1.0.tgz#91344d9cca35807d44f9f8346d04589c15cc16b2"
  dependencies:
    jquery ">=1.7.0"

lightgallery@^1.6.4:
  version "1.6.4"
  resolved "https://registry.yarnpkg.com/lightgallery/-/lightgallery-1.6.4.tgz#8b9f3b112aec1be7f6d46af5232579206b55f9b2"
  dependencies:
    jquery ">=1.7.0"
